
Microsoft Visual Studio Solution File, Format Version 12.00
# Visual Studio 2012
Project("{FAE04EC0-301F-11D3-BF4B-00C04F79EFBC}") = "GameObjectLister", "GameObjectLister\GameObjectLister.csproj", "{111FA21C-BAC4-4925-87B1-58511A364466}"
EndProject
Global
	GlobalSection(SolutionConfigurationPlatforms) = preSolution
		Debug|Any CPU = Debug|Any CPU
		Release|Any CPU = Release|Any CPU
	EndGlobalSection
	GlobalSection(ProjectConfigurationPlatforms) = postSolution
		{111FA21C-BAC4-4925-87B1-58511A364466}.Debug|Any CPU.ActiveCfg = Debug|Any CPU
		{111FA21C-BAC4-4925-87B1-58511A364466}.Debug|Any CPU.Build.0 = Debug|Any CPU
		{111FA21C-BAC4-4925-87B1-58511A364466}.Release|Any CPU.ActiveCfg = Release|Any CPU
		{111FA21C-BAC4-4925-87B1-58511A364466}.Release|Any CPU.Build.0 = Release|Any CPU
	EndGlobalSection
EndGlobal
